
Microsoft Visual Studio Solution File, Format Version 12.00
# Visual Studio Version 17
VisualStudioVersion = 17.6.33723.286
MinimumVisualStudioVersion = 10.0.40219.1
Project("{FAE04EC0-301F-11D3-BF4B-00C04F79EFBC}") = "MVC_Demo", "MVC_Demo\MVC_Demo.csproj", "{114ABEE1-C920-4990-AAB0-75197FD201BA}"
EndProject
Global
	GlobalSection(SolutionConfigurationPlatforms) = preSolution
		Debug|Any CPU = Debug|Any CPU
		Release|Any CPU = Release|Any CPU
	EndGlobalSection
	GlobalSection(ProjectConfigurationPlatforms) = postSolution
		{114ABEE1-C920-4990-AAB0-75197FD201BA}.Debug|Any CPU.ActiveCfg = Debug|Any CPU
		{114ABEE1-C920-4990-AAB0-75197FD201BA}.Debug|Any CPU.Build.0 = Debug|Any CPU
		{114ABEE1-C920-4990-AAB0-75197FD201BA}.Release|Any CPU.ActiveCfg = Release|Any CPU
		{114ABEE1-C920-4990-AAB0-75197FD201BA}.Release|Any CPU.Build.0 = Release|Any CPU
	EndGlobalSection
	GlobalSection(SolutionProperties) = preSolution
		HideSolutionNode = FALSE
	EndGlobalSection
	GlobalSection(ExtensibilityGlobals) = postSolution
		SolutionGuid = {93E3A50C-0DC0-4AB1-8A93-2C6703F49314}
	EndGlobalSection
EndGlobal
